// !$*UTF8*$!
{
	archiveVersion = 1;
	classes = {
	};
	objectVersion = 46;
	objects = {

/* Begin PBXBuildFile section */
		160D83D51F3414C200C0303C /* sfx_seal.caf in Resources */ = {isa = PBXBuildFile; fileRef = 160D83D41F3414C200C0303C /* sfx_seal.caf */; };
		160D83D91F34BE2200C0303C /* sfx_buzzer.caf in Resources */ = {isa = PBXBuildFile; fileRef = 160D83D81F34BD5600C0303C /* sfx_buzzer.caf */; };
		160D83DB1F34BFCA00C0303C /* sfx_alert.caf in Resources */ = {isa = PBXBuildFile; fileRef = 160D83DA1F34BF7400C0303C /* sfx_alert.caf */; };
		160D83DF1F39FDD900C0303C /* Tutorial.sks in Resources */ = {isa = PBXBuildFile; fileRef = 160D83DE1F39FDD900C0303C /* Tutorial.sks */; };
		160D83E51F3A2ED200C0303C /* Tutorial.swift in Sources */ = {isa = PBXBuildFile; fileRef = 160D83E41F3A2ED200C0303C /* Tutorial.swift */; };
		1658EB4A1F30F53F0042AF1C /* MainMenu.swift in Sources */ = {isa = PBXBuildFile; fileRef = 1658EB491F30F53F0042AF1C /* MainMenu.swift */; };
		1658EB4C1F30F5580042AF1C /* MainMenu.sks in Resources */ = {isa = PBXBuildFile; fileRef = 1658EB4B1F30F5580042AF1C /* MainMenu.sks */; };
		166C07181F44893F00A861DC /* BackgroundProj.png in Resources */ = {isa = PBXBuildFile; fileRef = 166C07171F44893F00A861DC /* BackgroundProj.png */; };
		16CEF1B11F26507200D13F87 /* Material.swift in Sources */ = {isa = PBXBuildFile; fileRef = 16CEF1B01F26507200D13F87 /* Material.swift */; };
		16CEF1F51F2A258600D13F87 /* Assets.xcassets in Resources */ = {isa = PBXBuildFile; fileRef = 16CEF1F41F2A258600D13F87 /* Assets.xcassets */; };
		16FD03271F2629CF003086C7 /* AppDelegate.swift in Sources */ = {isa = PBXBuildFile; fileRef = 16FD03261F2629CF003086C7 /* AppDelegate.swift */; };
		16FD03291F2629CF003086C7 /* GameScene.sks in Resources */ = {isa = PBXBuildFile; fileRef = 16FD03281F2629CF003086C7 /* GameScene.sks */; };
		16FD032B1F2629CF003086C7 /* Actions.sks in Resources */ = {isa = PBXBuildFile; fileRef = 16FD032A1F2629CF003086C7 /* Actions.sks */; };
		16FD032D1F2629CF003086C7 /* GameScene.swift in Sources */ = {isa = PBXBuildFile; fileRef = 16FD032C1F2629CF003086C7 /* GameScene.swift */; };
		16FD032F1F2629CF003086C7 /* GameViewController.swift in Sources */ = {isa = PBXBuildFile; fileRef = 16FD032E1F2629CF003086C7 /* GameViewController.swift */; };
		16FD03321F2629CF003086C7 /* Main.storyboard in Resources */ = {isa = PBXBuildFile; fileRef = 16FD03301F2629CF003086C7 /* Main.storyboard */; };
		16FD03371F2629CF003086C7 /* LaunchScreen.storyboard in Resources */ = {isa = PBXBuildFile; fileRef = 16FD03351F2629CF003086C7 /* LaunchScreen.storyboard */; };
		16FD03471F264AA5003086C7 /* MSButtonNode.swift in Sources */ = {isa = PBXBuildFile; fileRef = 16FD03461F264AA5003086C7 /* MSButtonNode.swift */; };
/* End PBXBuildFile section */

/* Begin PBXFileReference section */
		160D83D41F3414C200C0303C /* sfx_seal.caf */ = {isa = PBXFileReference; lastKnownFileType = file; path = sfx_seal.caf; sourceTree = "<group>"; };
		160D83D81F34BD5600C0303C /* sfx_buzzer.caf */ = {isa = PBXFileReference; lastKnownFileType = file; path = sfx_buzzer.caf; sourceTree = "<group>"; };
		160D83DA1F34BF7400C0303C /* sfx_alert.caf */ = {isa = PBXFileReference; lastKnownFileType = file; path = sfx_alert.caf; sourceTree = "<group>"; };
		160D83DE1F39FDD900C0303C /* Tutorial.sks */ = {isa = PBXFileReference; lastKnownFileType = file.sks; path = Tutorial.sks; sourceTree = "<group>"; };
		160D83E41F3A2ED200C0303C /* Tutorial.swift */ = {isa = PBXFileReference; fileEncoding = 4; lastKnownFileType = sourcecode.swift; path = Tutorial.swift; sourceTree = "<group>"; };
		1658EB491F30F53F0042AF1C /* MainMenu.swift */ = {isa = PBXFileReference; fileEncoding = 4; lastKnownFileType = sourcecode.swift; path = MainMenu.swift; sourceTree = "<group>"; };
		1658EB4B1F30F5580042AF1C /* MainMenu.sks */ = {isa = PBXFileReference; lastKnownFileType = file.sks; path = MainMenu.sks; sourceTree = "<group>"; };
		166C07171F44893F00A861DC /* BackgroundProj.png */ = {isa = PBXFileReference; lastKnownFileType = image.png; path = BackgroundProj.png; sourceTree = "<group>"; };
		16CEF1B01F26507200D13F87 /* Material.swift */ = {isa = PBXFileReference; fileEncoding = 4; lastKnownFileType = sourcecode.swift; path = Material.swift; sourceTree = "<group>"; };
		16CEF1F41F2A258600D13F87 /* Assets.xcassets */ = {isa = PBXFileReference; lastKnownFileType = folder.assetcatalog; path = Assets.xcassets; sourceTree = "<group>"; };
		16FD03231F2629CF003086C7 /* Final Project.app */ = {isa = PBXFileReference; explicitFileType = wrapper.application; includeInIndex = 0; path = "Final Project.app"; sourceTree = BUILT_PRODUCTS_DIR; };
		16FD03261F2629CF003086C7 /* AppDelegate.swift */ = {isa = PBXFileReference; lastKnownFileType = sourcecode.swift; path = AppDelegate.swift; sourceTree = "<group>"; };
		16FD03281F2629CF003086C7 /* GameScene.sks */ = {isa = PBXFileReference; lastKnownFileType = file.sks; path = GameScene.sks; sourceTree = "<group>"; };
		16FD032A1F2629CF003086C7 /* Actions.sks */ = {isa = PBXFileReference; lastKnownFileType = file.sks; path = Actions.sks; sourceTree = "<group>"; };
		16FD032C1F2629CF003086C7 /* GameScene.swift */ = {isa = PBXFileReference; lastKnownFileType = sourcecode.swift; path = GameScene.swift; sourceTree = "<group>"; };
		16FD032E1F2629CF003086C7 /* GameViewController.swift */ = {isa = PBXFileReference; lastKnownFileType = sourcecode.swift; path = GameViewController.swift; sourceTree = "<group>"; };
		16FD03311F2629CF003086C7 /* Base */ = {isa = PBXFileReference; lastKnownFileType = file.storyboard; name = Base; path = Base.lproj/Main.storyboard; sourceTree = "<group>"; };
		16FD03361F2629CF003086C7 /* Base */ = {isa = PBXFileReference; lastKnownFileType = file.storyboard; name = Base; path = Base.lproj/LaunchScreen.storyboard; sourceTree = "<group>"; };
		16FD03381F2629CF003086C7 /* Info.plist */ = {isa = PBXFileReference; lastKnownFileType = text.plist.xml; path = Info.plist; sourceTree = "<group>"; };
		16FD03461F264AA5003086C7 /* MSButtonNode.swift */ = {isa = PBXFileReference; fileEncoding = 4; lastKnownFileType = sourcecode.swift; path = MSButtonNode.swift; sourceTree = "<group>"; };
/* End PBXFileReference section */

/* Begin PBXFrameworksBuildPhase section */
		16FD03201F2629CF003086C7 /* Frameworks */ = {
			isa = PBXFrameworksBuildPhase;
			buildActionMask = 2147483647;
			files = (
			);
			runOnlyForDeploymentPostprocessing = 0;
		};
/* End PBXFrameworksBuildPhase section */

/* Begin PBXGroup section */
		160D83D31F3414C200C0303C /* SFX */ = {
			isa = PBXGroup;
			children = (
				160D83D81F34BD5600C0303C /* sfx_buzzer.caf */,
				160D83DA1F34BF7400C0303C /* sfx_alert.caf */,
				160D83D41F3414C200C0303C /* sfx_seal.caf */,
			);
			path = SFX;
			sourceTree = "<group>";
		};
		16FD031A1F2629CF003086C7 = {
			isa = PBXGroup;
			children = (
				16FD03251F2629CF003086C7 /* Final Project */,
				16FD03241F2629CF003086C7 /* Products */,
			);
			sourceTree = "<group>";
		};
		16FD03241F2629CF003086C7 /* Products */ = {
			isa = PBXGroup;
			children = (
				16FD03231F2629CF003086C7 /* Final Project.app */,
			);
			name = Products;
			sourceTree = "<group>";
		};
		16FD03251F2629CF003086C7 /* Final Project */ = {
			isa = PBXGroup;
			children = (
				16FD03261F2629CF003086C7 /* AppDelegate.swift */,
				16FD03461F264AA5003086C7 /* MSButtonNode.swift */,
				16FD03281F2629CF003086C7 /* GameScene.sks */,
				160D83DE1F39FDD900C0303C /* Tutorial.sks */,
				16FD032A1F2629CF003086C7 /* Actions.sks */,
				16FD032C1F2629CF003086C7 /* GameScene.swift */,
				160D83E41F3A2ED200C0303C /* Tutorial.swift */,
				160D83D31F3414C200C0303C /* SFX */,
				16CEF1B01F26507200D13F87 /* Material.swift */,
				1658EB4B1F30F5580042AF1C /* MainMenu.sks */,
				16FD032E1F2629CF003086C7 /* GameViewController.swift */,
				16FD03301F2629CF003086C7 /* Main.storyboard */,
				1658EB491F30F53F0042AF1C /* MainMenu.swift */,
				16FD03351F2629CF003086C7 /* LaunchScreen.storyboard */,
				16CEF1F41F2A258600D13F87 /* Assets.xcassets */,
				166C07171F44893F00A861DC /* BackgroundProj.png */,
				16FD03381F2629CF003086C7 /* Info.plist */,
			);
			path = "Final Project";
			sourceTree = "<group>";
		};
/* End PBXGroup section */

/* Begin PBXNativeTarget section */
		16FD03221F2629CF003086C7 /* Final Project */ = {
			isa = PBXNativeTarget;
			buildConfigurationList = 16FD033B1F2629CF003086C7 /* Build configuration list for PBXNativeTarget "Final Project" */;
			buildPhases = (
				16FD031F1F2629CF003086C7 /* Sources */,
				16FD03201F2629CF003086C7 /* Frameworks */,
				16FD03211F2629CF003086C7 /* Resources */,
			);
			buildRules = (
			);
			dependencies = (
			);
			name = "Final Project";
			productName = "Final Project";
			productReference = 16FD03231F2629CF003086C7 /* Final Project.app */;
			productType = "com.apple.product-type.application";
		};
/* End PBXNativeTarget section */

/* Begin PBXProject section */
		16FD031B1F2629CF003086C7 /* Project object */ = {
			isa = PBXProject;
			attributes = {
				LastSwiftUpdateCheck = 0830;
				LastUpgradeCheck = 0830;
				ORGANIZATIONNAME = "Jacob Abrams";
				TargetAttributes = {
					16FD03221F2629CF003086C7 = {
						CreatedOnToolsVersion = 8.3.3;
						DevelopmentTeam = 9C9C24Q2Z7;
						ProvisioningStyle = Automatic;
					};
				};
			};
			buildConfigurationList = 16FD031E1F2629CF003086C7 /* Build configuration list for PBXProject "Final Project" */;
			compatibilityVersion = "Xcode 3.2";
			developmentRegion = English;
			hasScannedForEncodings = 0;
			knownRegions = (
				en,
				Base,
			);
			mainGroup = 16FD031A1F2629CF003086C7;
			productRefGroup = 16FD03241F2629CF003086C7 /* Products */;
			projectDirPath = "";
			projectRoot = "";
			targets = (
				16FD03221F2629CF003086C7 /* Final Project */,
			);
		};
/* End PBXProject section */

/* Begin PBXResourcesBuildPhase section */
		16FD03211F2629CF003086C7 /* Resources */ = {
			isa = PBXResourcesBuildPhase;
			buildActionMask = 2147483647;
			files = (
				166C07181F44893F00A861DC /* BackgroundProj.png in Resources */,
				160D83DB1F34BFCA00C0303C /* sfx_alert.caf in Resources */,
				160D83D91F34BE2200C0303C /* sfx_buzzer.caf in Resources */,
				16FD03321F2629CF003086C7 /* Main.storyboard in Resources */,
				160D83D51F3414C200C0303C /* sfx_seal.caf in Resources */,
				1658EB4C1F30F5580042AF1C /* MainMenu.sks in Resources */,
				160D83DF1F39FDD900C0303C /* Tutorial.sks in Resources */,
				16FD03291F2629CF003086C7 /* GameScene.sks in Resources */,
				16FD03371F2629CF003086C7 /* LaunchScreen.storyboard in Resources */,
				16CEF1F51F2A258600D13F87 /* Assets.xcassets in Resources */,
				16FD032B1F2629CF003086C7 /* Actions.sks in Resources */,
			);
			runOnlyForDeploymentPostprocessing = 0;
		};
/* End PBXResourcesBuildPhase section */

/* Begin PBXSourcesBuildPhase section */
		16FD031F1F2629CF003086C7 /* Sources */ = {
			isa = PBXSourcesBuildPhase;
			buildActionMask = 2147483647;
			files = (
				16CEF1B11F26507200D13F87 /* Material.swift in Sources */,
				1658EB4A1F30F53F0042AF1C /* MainMenu.swift in Sources */,
				16FD032D1F2629CF003086C7 /* GameScene.swift in Sources */,
				16FD032F1F2629CF003086C7 /* GameViewController.swift in Sources */,
				16FD03271F2629CF003086C7 /* AppDelegate.swift in Sources */,
				160D83E51F3A2ED200C0303C /* Tutorial.swift in Sources */,
				16FD03471F264AA5003086C7 /* MSButtonNode.swift in Sources */,
			);
			runOnlyForDeploymentPostprocessing = 0;
		};
/* End PBXSourcesBuildPhase section */

/* Begin PBXVariantGroup section */
		16FD03301F2629CF003086C7 /* Main.storyboard */ = {
			isa = PBXVariantGroup;
			children = (
				16FD03311F2629CF003086C7 /* Base */,
			);
			name = Main.storyboard;
			sourceTree = "<group>";
		};
		16FD03351F2629CF003086C7 /* LaunchScreen.storyboard */ = {
			isa = PBXVariantGroup;
			children = (
				16FD03361F2629CF003086C7 /* Base */,
			);
			name = LaunchScreen.storyboard;
			sourceTree = "<group>";
		};
/* End PBXVariantGroup section */

/* Begin XCBuildConfiguration section */
		16FD03391F2629CF003086C7 /* Debug */ = {
			isa = XCBuildConfiguration;
			buildSettings = {
				ALWAYS_SEARCH_USER_PATHS = NO;
				CLANG_ANALYZER_NONNULL = YES;
				CLANG_ANALYZER_NUMBER_OBJECT_CONVERSION = YES_AGGRESSIVE;
				CLANG_CXX_LANGUAGE_STANDARD = "gnu++0x";
				CLANG_CXX_LIBRARY = "libc++";
				CLANG_ENABLE_MODULES = YES;
				CLANG_ENABLE_OBJC_ARC = YES;
				CLANG_WARN_BOOL_CONVERSION = YES;
				CLANG_WARN_CONSTANT_CONVERSION = YES;
				CLANG_WARN_DIRECT_OBJC_ISA_USAGE = YES_ERROR;
				CLANG_WARN_DOCUMENTATION_COMMENTS = YES;
				CLANG_WARN_EMPTY_BODY = YES;
				CLANG_WARN_ENUM_CONVERSION = YES;
				CLANG_WARN_INFINITE_RECURSION = YES;
				CLANG_WARN_INT_CONVERSION = YES;
				CLANG_WARN_OBJC_ROOT_CLASS = YES_ERROR;
				CLANG_WARN_SUSPICIOUS_MOVE = YES;
				CLANG_WARN_UNREACHABLE_CODE = YES;
				CLANG_WARN__DUPLICATE_METHOD_MATCH = YES;
				"CODE_SIGN_IDENTITY[sdk=iphoneos*]" = "iPhone Developer";
				COPY_PHASE_STRIP = NO;
				DEBUG_INFORMATION_FORMAT = dwarf;
				ENABLE_STRICT_OBJC_MSGSEND = YES;
				ENABLE_TESTABILITY = YES;
				GCC_C_LANGUAGE_STANDARD = gnu99;
				GCC_DYNAMIC_NO_PIC = NO;
				GCC_NO_COMMON_BLOCKS = YES;
				GCC_OPTIMIZATION_LEVEL = 0;
				GCC_PREPROCESSOR_DEFINITIONS = (
					"DEBUG=1",
					"$(inherited)",
				);
				GCC_WARN_64_TO_32_BIT_CONVERSION = YES;
				GCC_WARN_ABOUT_RETURN_TYPE = YES_ERROR;
				GCC_WARN_UNDECLARED_SELECTOR = YES;
				GCC_WARN_UNINITIALIZED_AUTOS = YES_AGGRESSIVE;
				GCC_WARN_UNUSED_FUNCTION = YES;
				GCC_WARN_UNUSED_VARIABLE = YES;
				IPHONEOS_DEPLOYMENT_TARGET = 10.3;
				MTL_ENABLE_DEBUG_INFO = YES;
				ONLY_ACTIVE_ARCH = YES;
				SDKROOT = iphoneos;
				SWIFT_ACTIVE_COMPILATION_CONDITIONS = DEBUG;
				SWIFT_OPTIMIZATION_LEVEL = "-Onone";
			};
			name = Debug;
		};
		16FD033A1F2629CF003086C7 /* Release */ = {
			isa = XCBuildConfiguration;
			buildSettings = {
				ALWAYS_SEARCH_USER_PATHS = NO;
				CLANG_ANALYZER_NONNULL = YES;
				CLANG_ANALYZER_NUMBER_OBJECT_CONVERSION = YES_AGGRESSIVE;
				CLANG_CXX_LANGUAGE_STANDARD = "gnu++0x";
				CLANG_CXX_LIBRARY = "libc++";
				CLANG_ENABLE_MODULES = YES;
				CLANG_ENABLE_OBJC_ARC = YES;
				CLANG_WARN_BOOL_CONVERSION = YES;
				CLANG_WARN_CONSTANT_CONVERSION = YES;
				CLANG_WARN_DIRECT_OBJC_ISA_USAGE = YES_ERROR;
				CLANG_WARN_DOCUMENTATION_COMMENTS = YES;
				CLANG_WARN_EMPTY_BODY = YES;
				CLANG_WARN_ENUM_CONVERSION = YES;
				CLANG_WARN_INFINITE_RECURSION = YES;
				CLANG_WARN_INT_CONVERSION = YES;
				CLANG_WARN_OBJC_ROOT_CLASS = YES_ERROR;
				CLANG_WARN_SUSPICIOUS_MOVE = YES;
				CLANG_WARN_UNREACHABLE_CODE = YES;
				CLANG_WARN__DUPLICATE_METHOD_MATCH = YES;
				"CODE_SIGN_IDENTITY[sdk=iphoneos*]" = "iPhone Developer";
				COPY_PHASE_STRIP = NO;
				DEBUG_INFORMATION_FORMAT = "dwarf-with-dsym";
				ENABLE_NS_ASSERTIONS = NO;
				ENABLE_STRICT_OBJC_MSGSEND = YES;
				GCC_C_LANGUAGE_STANDARD = gnu99;
				GCC_NO_COMMON_BLOCKS = YES;
				GCC_WARN_64_TO_32_BIT_CONVERSION = YES;
				GCC_WARN_ABOUT_RETURN_TYPE = YES_ERROR;
				GCC_WARN_UNDECLARED_SELECTOR = YES;
				GCC_WARN_UNINITIALIZED_AUTOS = YES_AGGRESSIVE;
				GCC_WARN_UNUSED_FUNCTION = YES;
				GCC_WARN_UNUSED_VARIABLE = YES;
				IPHONEOS_DEPLOYMENT_TARGET = 10.3;
				MTL_ENABLE_DEBUG_INFO = NO;
				SDKROOT = iphoneos;
				SWIFT_OPTIMIZATION_LEVEL = "-Owholemodule";
				VALIDATE_PRODUCT = YES;
			};
			name = Release;
		};
		16FD033C1F2629CF003086C7 /* Debug */ = {
			isa = XCBuildConfiguration;
			buildSettings = {
				ASSETCATALOG_COMPILER_APPICON_NAME = AppIcon;
				DEVELOPMENT_TEAM = 9C9C24Q2Z7;
				INFOPLIST_FILE = "Final Project/Info.plist";
				IPHONEOS_DEPLOYMENT_TARGET = 10.2;
				LD_RUNPATH_SEARCH_PATHS = "$(inherited) @executable_path/Frameworks";
				PRODUCT_BUNDLE_IDENTIFIER = com.jacobabrams.battlebuilders;
				PRODUCT_NAME = "$(TARGET_NAME)";
				SWIFT_VERSION = 3.0;
			};
			name = Debug;
		};
		16FD033D1F2629CF003086C7 /* Release */ = {
			isa = XCBuildConfiguration;
			buildSettings = {
				ASSETCATALOG_COMPILER_APPICON_NAME = AppIcon;
				DEVELOPMENT_TEAM = 9C9C24Q2Z7;
				INFOPLIST_FILE = "Final Project/Info.plist";
				IPHONEOS_DEPLOYMENT_TARGET = 10.2;
				LD_RUNPATH_SEARCH_PATHS = "$(inherited) @executable_path/Frameworks";
				PRODUCT_BUNDLE_IDENTIFIER = com.jacobabrams.battlebuilders;
				PRODUCT_NAME = "$(TARGET_NAME)";
				SWIFT_VERSION = 3.0;
			};
			name = Release;
		};
/* End XCBuildConfiguration section */

/* Begin XCConfigurationList section */
		16FD031E1F2629CF003086C7 /* Build configuration list for PBXProject "Final Project" */ = {
			isa = XCConfigurationList;
			buildConfigurations = (
				16FD03391F2629CF003086C7 /* Debug */,
				16FD033A1F2629CF003086C7 /* Release */,
			);
			defaultConfigurationIsVisible = 0;
			defaultConfigurationName = Release;
		};
		16FD033B1F2629CF003086C7 /* Build configuration list for PBXNativeTarget "Final Project" */ = {
			isa = XCConfigurationList;
			buildConfigurations = (
				16FD033C1F2629CF003086C7 /* Debug */,
				16FD033D1F2629CF003086C7 /* Release */,
			);
			defaultConfigurationIsVisible = 0;
			defaultConfigurationName = Release;
		};
/* End XCConfigurationList section */
	};
	rootObject = 16FD031B1F2629CF003086C7 /* Project object */;
}
